<?xml version="1.0" encoding="utf-8"?>
<Project ToolsVersion="4.0" xmlns="http://schemas.microsoft.com/developer/msbuild/2003">
  <ItemGroup>
    <Filter Include="ソース ファイル">
      <UniqueIdentifier>{4FC737F1-C7A5-4376-A066-2A32D752A2FF}</UniqueIdentifier>
      <Extensions>cpp;c;cc;cxx;c++;cppm;ixx;def;odl;idl;hpj;bat;asm;asmx</Extensions>
    </Filter>
    <Filter Include="ヘッダー ファイル">
      <UniqueIdentifier>{93995380-89BD-4b04-88EB-625FBE52EBFB}</UniqueIdentifier>
      <Extensions>h;hh;hpp;hxx;h++;hm;inl;inc;ipp;xsd</Extensions>
    </Filter>
    <Filter Include="リソース ファイル">
      <UniqueIdentifier>{67DA6AB6-F800-4c08-8B7A-83BB121AAD01}</UniqueIdentifier>
      <Extensions>rc;ico;cur;bmp;dlg;rc2;rct;bin;rgs;gif;jpg;jpeg;jpe;resx;tiff;tif;png;wav;mfcribbon-ms</Extensions>
    </Filter>
    <Filter Include="シェーダー ファイル">
      <UniqueIdentifier>{718c7f4c-fc51-40ad-a221-b9456a7a1a3c}</UniqueIdentifier>
    </Filter>
    <Filter Include="GameProgram">
      <UniqueIdentifier>{7c72c28a-3cb2-4fae-bd93-a2afc510d307}</UniqueIdentifier>
    </Filter>
    <Filter Include="GameProgram\Player">
      <UniqueIdentifier>{41fa3a9b-f1db-42bf-85fb-db268d0480d8}</UniqueIdentifier>
    </Filter>
    <Filter Include="GameProgram\scene">
      <UniqueIdentifier>{25a00cd6-f4c1-40d4-9bc5-a19b7bf16bd7}</UniqueIdentifier>
    </Filter>
    <Filter Include="GameProgram\Enemy">
      <UniqueIdentifier>{bc04232e-a3bd-4d89-8885-0849fb781dba}</UniqueIdentifier>
    </Filter>
    <Filter Include="GameProgram\Particle">
      <UniqueIdentifier>{a57c9928-9408-4b48-a412-061fb7274fa0}</UniqueIdentifier>
    </Filter>
    <Filter Include="GameProgram\RailCamera">
      <UniqueIdentifier>{710646d4-01b2-462f-bbe1-bdb6b99bb223}</UniqueIdentifier>
    </Filter>
    <Filter Include="GameProgram\MT">
      <UniqueIdentifier>{db4ee439-b805-497f-81a9-821045f36fcc}</UniqueIdentifier>
    </Filter>
    <Filter Include="GameProgram\Skydome">
      <UniqueIdentifier>{1c2510fe-9aee-40f9-b92f-22a45286b407}</UniqueIdentifier>
    </Filter>
    <Filter Include="GameProgram\MathUtility">
      <UniqueIdentifier>{f1379ecc-de4e-49ea-abd2-a99503adb3a8}</UniqueIdentifier>
    </Filter>
  </ItemGroup>
  <ItemGroup>
    <ClCompile Include="main.cpp">
      <Filter>ソース ファイル</Filter>
    </ClCompile>
    <ClCompile Include="GameProgram\Player\Player.cpp">
      <Filter>GameProgram\Player</Filter>
    </ClCompile>
    <ClCompile Include="GameProgram\scene\GaneScene.cpp">
      <Filter>GameProgram\scene</Filter>
    </ClCompile>
    <ClCompile Include="GameProgram\Enemy\Enemy.cpp">
      <Filter>GameProgram\Enemy</Filter>
    </ClCompile>
    <ClCompile Include="GameProgram\Enemy\EnemyBullet.cpp">
      <Filter>GameProgram\Enemy</Filter>
    </ClCompile>
    <ClCompile Include="GameProgram\Particle\ParticleEmitter.cpp">
      <Filter>GameProgram\Particle</Filter>
    </ClCompile>
    <ClCompile Include="GameProgram\Particle\Particle.cpp">
      <Filter>GameProgram\Particle</Filter>
    </ClCompile>
    <ClCompile Include="GameProgram\Player\PlayerBullet.cpp">
      <Filter>GameProgram\Player</Filter>
    </ClCompile>
    <ClCompile Include="GameProgram\RaikCamera\RailCamera.cpp">
      <Filter>GameProgram\RailCamera</Filter>
    </ClCompile>
    <ClCompile Include="GameProgram\skydome\Skydome.cpp">
      <Filter>GameProgram\Skydome</Filter>
    </ClCompile>
    <ClCompile Include="GameProgram\MT\MT.cpp">
      <Filter>GameProgram\MT</Filter>
    </ClCompile>
    <ClCompile Include="GameProgram\MT\worldTransformEx.cpp">
      <Filter>GameProgram\MT</Filter>
    </ClCompile>
    <ClCompile Include="GameProgram\MT\AABB.cpp">
      <Filter>GameProgram\MT</Filter>
    </ClCompile>
    <ClCompile Include="GameProgram\MT\Quaternion.cpp">
      <Filter>GameProgram\MT</Filter>
    </ClCompile>
    <ClCompile Include="GameProgram\Particle\Meteorite.cpp">
      <Filter>GameProgram\Enemy</Filter>
    </ClCompile>
  </ItemGroup>
  <ItemGroup>
    <FxCompile Include="Resources\shaders\SpritePS.hlsl">
      <Filter>シェーダー ファイル</Filter>
    </FxCompile>
    <FxCompile Include="Resources\shaders\SpriteVS.hlsl">
      <Filter>シェーダー ファイル</Filter>
    </FxCompile>
    <FxCompile Include="Resources\shaders\ShapeVS.hlsl">
      <Filter>シェーダー ファイル</Filter>
    </FxCompile>
    <FxCompile Include="Resources\shaders\ShapePS.hlsl">
      <Filter>シェーダー ファイル</Filter>
    </FxCompile>
    <FxCompile Include="Resources\shaders\ObjPS.hlsl">
      <Filter>シェーダー ファイル</Filter>
    </FxCompile>
    <FxCompile Include="Resources\shaders\ObjVS.hlsl">
      <Filter>シェーダー ファイル</Filter>
    </FxCompile>
    <FxCompile Include="Resources\shaders\PrimitivePS.hlsl">
      <Filter>シェーダー ファイル</Filter>
    </FxCompile>
    <FxCompile Include="Resources\shaders\PrimitiveVS.hlsl">
      <Filter>シェーダー ファイル</Filter>
    </FxCompile>
    <FxCompile Include="Resources\shaders\TerrainPS.hlsl">
      <Filter>シェーダー ファイル</Filter>
    </FxCompile>
    <FxCompile Include="Resources\shaders\TerrainVS.hlsl">
      <Filter>シェーダー ファイル</Filter>
    </FxCompile>
  </ItemGroup>
  <ItemGroup>
    <None Include="Resources\shaders\Sprite.hlsli">
      <Filter>シェーダー ファイル</Filter>
    </None>
    <None Include="Resources\shaders\Shape.hlsli">
      <Filter>シェーダー ファイル</Filter>
    </None>
    <None Include="Resources\shaders\Obj.hlsli">
      <Filter>シェーダー ファイル</Filter>
    </None>
    <None Include="Resources\shaders\Primitive.hlsli">
      <Filter>シェーダー ファイル</Filter>
    </None>
    <None Include="Resources\shaders\Terrain.hlsli">
      <Filter>シェーダー ファイル</Filter>
    </None>
  </ItemGroup>
  <ItemGroup>
    <ClInclude Include="GameProgram\Player\Player.h">
      <Filter>GameProgram\Player</Filter>
    </ClInclude>
    <ClInclude Include="GameProgram\scene\GaneScene.h">
      <Filter>GameProgram\scene</Filter>
    </ClInclude>
    <ClInclude Include="GameProgram\Enemy\Enemy.h">
      <Filter>GameProgram\Enemy</Filter>
    </ClInclude>
    <ClInclude Include="GameProgram\Enemy\EnemyBullet.h">
      <Filter>GameProgram\Enemy</Filter>
    </ClInclude>
    <ClInclude Include="GameProgram\Particle\ParticleEmitter.h">
      <Filter>GameProgram\Particle</Filter>
    </ClInclude>
    <ClInclude Include="GameProgram\Particle\Particle.h">
      <Filter>GameProgram\Particle</Filter>
    </ClInclude>
    <ClInclude Include="GameProgram\Player\PlayerBullet.h">
      <Filter>GameProgram\Player</Filter>
    </ClInclude>
    <ClInclude Include="GameProgram\RaikCamera\RailCamera.h">
      <Filter>GameProgram\RailCamera</Filter>
    </ClInclude>
    <ClInclude Include="GameProgram\skydome\Skydome.h">
      <Filter>GameProgram\Skydome</Filter>
    </ClInclude>
    <ClInclude Include="GameProgram\MT\MT.h">
      <Filter>GameProgram\MT</Filter>
    </ClInclude>
    <ClInclude Include="GameProgram\MT\worldTransformEx.h">
      <Filter>GameProgram\MT</Filter>
    </ClInclude>
    <ClInclude Include="GameProgram\MT\AABB.h">
      <Filter>GameProgram\MT</Filter>
    </ClInclude>
    <ClInclude Include="GameProgram\MT\Quaternion.h">
      <Filter>GameProgram\MT</Filter>
    </ClInclude>
    <ClInclude Include="GameProgram\Particle\Meteorite.h">
      <Filter>GameProgram\Enemy</Filter>
    </ClInclude>
  </ItemGroup>
</Project>